
Microsoft Visual Studio Solution File, Format Version 12.00
# Visual Studio Version 16
VisualStudioVersion = 16.0.29728.190
MinimumVisualStudioVersion = 10.0.40219.1
Project("{9A19103F-16F7-4668-BE54-9A1E7A4F7556}") = "XExten", "XExten\XExten.csproj", "{6B44A99B-0B09-4F85-B400-F7D21FB838FA}"
EndProject
Project("{9A19103F-16F7-4668-BE54-9A1E7A4F7556}") = "XExten.Test", "XExten.Test\XExten.Test.csproj", "{42A63F0A-13D5-4708-82EB-D1AC0B0FEF87}"
EndProject
Project("{9A19103F-16F7-4668-BE54-9A1E7A4F7556}") = "XExten.SocketProxy", "XExten.SocketProxy\XExten.SocketProxy.csproj", "{C1449A1E-E1C3-4C33-B73F-91CA9556DA0F}"
EndProject
Project("{9A19103F-16F7-4668-BE54-9A1E7A4F7556}") = "XExten.SocketProxyServer", "XExten.SocketProxyServer\XExten.SocketProxyServer.csproj", "{26A2E3F6-8708-41B9-B1A5-EC27BC81280E}"
EndProject
Project("{9A19103F-16F7-4668-BE54-9A1E7A4F7556}") = "XExten.Profile", "XExten.Profile\XExten.Profile.csproj", "{DE3A28E0-45E5-41B2-A673-BE30B974B0E8}"
EndProject
Project("{9A19103F-16F7-4668-BE54-9A1E7A4F7556}") = "XExten.ProfileTest", "XExten.ProfileTest\XExten.ProfileTest.csproj", "{490B1288-4731-4C60-B5E3-0971248C4F09}"
EndProject
Project("{9A19103F-16F7-4668-BE54-9A1E7A4F7556}") = "XExten.ProfileUI", "XExten.ProfileUI\XExten.ProfileUI.csproj", "{ECBA4742-598B-4DFA-BEBC-A679BB06402F}"
EndProject
Global
	GlobalSection(SolutionConfigurationPlatforms) = preSolution
		Debug|Any CPU = Debug|Any CPU
		Release|Any CPU = Release|Any CPU
	EndGlobalSection
	GlobalSection(ProjectConfigurationPlatforms) = postSolution
		{6B44A99B-0B09-4F85-B400-F7D21FB838FA}.Debug|Any CPU.ActiveCfg = Debug|Any CPU
		{6B44A99B-0B09-4F85-B400-F7D21FB838FA}.Debug|Any CPU.Build.0 = Debug|Any CPU
		{6B44A99B-0B09-4F85-B400-F7D21FB838FA}.Release|Any CPU.ActiveCfg = Release|Any CPU
		{6B44A99B-0B09-4F85-B400-F7D21FB838FA}.Release|Any CPU.Build.0 = Release|Any CPU
		{42A63F0A-13D5-4708-82EB-D1AC0B0FEF87}.Debug|Any CPU.ActiveCfg = Debug|Any CPU
		{42A63F0A-13D5-4708-82EB-D1AC0B0FEF87}.Debug|Any CPU.Build.0 = Debug|Any CPU
		{42A63F0A-13D5-4708-82EB-D1AC0B0FEF87}.Release|Any CPU.ActiveCfg = Release|Any CPU
		{42A63F0A-13D5-4708-82EB-D1AC0B0FEF87}.Release|Any CPU.Build.0 = Release|Any CPU
		{C1449A1E-E1C3-4C33-B73F-91CA9556DA0F}.Debug|Any CPU.ActiveCfg = Debug|Any CPU
		{C1449A1E-E1C3-4C33-B73F-91CA9556DA0F}.Debug|Any CPU.Build.0 = Debug|Any CPU
		{C1449A1E-E1C3-4C33-B73F-91CA9556DA0F}.Release|Any CPU.ActiveCfg = Release|Any CPU
		{C1449A1E-E1C3-4C33-B73F-91CA9556DA0F}.Release|Any CPU.Build.0 = Release|Any CPU
		{26A2E3F6-8708-41B9-B1A5-EC27BC81280E}.Debug|Any CPU.ActiveCfg = Debug|Any CPU
		{26A2E3F6-8708-41B9-B1A5-EC27BC81280E}.Debug|Any CPU.Build.0 = Debug|Any CPU
		{26A2E3F6-8708-41B9-B1A5-EC27BC81280E}.Release|Any CPU.ActiveCfg = Release|Any CPU
		{26A2E3F6-8708-41B9-B1A5-EC27BC81280E}.Release|Any CPU.Build.0 = Release|Any CPU
		{DE3A28E0-45E5-41B2-A673-BE30B974B0E8}.Debug|Any CPU.ActiveCfg = Debug|Any CPU
		{DE3A28E0-45E5-41B2-A673-BE30B974B0E8}.Debug|Any CPU.Build.0 = Debug|Any CPU
		{DE3A28E0-45E5-41B2-A673-BE30B974B0E8}.Release|Any CPU.ActiveCfg = Release|Any CPU
		{DE3A28E0-45E5-41B2-A673-BE30B974B0E8}.Release|Any CPU.Build.0 = Release|Any CPU
		{490B1288-4731-4C60-B5E3-0971248C4F09}.Debug|Any CPU.ActiveCfg = Debug|Any CPU
		{490B1288-4731-4C60-B5E3-0971248C4F09}.Debug|Any CPU.Build.0 = Debug|Any CPU
		{490B1288-4731-4C60-B5E3-0971248C4F09}.Release|Any CPU.ActiveCfg = Release|Any CPU
		{490B1288-4731-4C60-B5E3-0971248C4F09}.Release|Any CPU.Build.0 = Release|Any CPU
		{ECBA4742-598B-4DFA-BEBC-A679BB06402F}.Debug|Any CPU.ActiveCfg = Debug|Any CPU
		{ECBA4742-598B-4DFA-BEBC-A679BB06402F}.Debug|Any CPU.Build.0 = Debug|Any CPU
		{ECBA4742-598B-4DFA-BEBC-A679BB06402F}.Release|Any CPU.ActiveCfg = Release|Any CPU
		{ECBA4742-598B-4DFA-BEBC-A679BB06402F}.Release|Any CPU.Build.0 = Release|Any CPU
	EndGlobalSection
	GlobalSection(SolutionProperties) = preSolution
		HideSolutionNode = FALSE
	EndGlobalSection
	GlobalSection(ExtensibilityGlobals) = postSolution
		SolutionGuid = {312AA943-53BA-4B48-9B48-C634D6CD7B8E}
	EndGlobalSection
EndGlobal
