
Microsoft Visual Studio Solution File, Format Version 12.00
# Visual Studio 15
VisualStudioVersion = 15.0.28307.421
MinimumVisualStudioVersion = 10.0.40219.1
Project("{9A19103F-16F7-4668-BE54-9A1E7A4F7556}") = "XExten", "XExten\XExten.csproj", "{6B44A99B-0B09-4F85-B400-F7D21FB838FA}"
EndProject
Global
	GlobalSection(SolutionConfigurationPlatforms) = preSolution
		Debug|Any CPU = Debug|Any CPU
		Release|Any CPU = Release|Any CPU
	EndGlobalSection
	GlobalSection(ProjectConfigurationPlatforms) = postSolution
		{6B44A99B-0B09-4F85-B400-F7D21FB838FA}.Debug|Any CPU.ActiveCfg = Debug|Any CPU
		{6B44A99B-0B09-4F85-B400-F7D21FB838FA}.Debug|Any CPU.Build.0 = Debug|Any CPU
		{6B44A99B-0B09-4F85-B400-F7D21FB838FA}.Release|Any CPU.ActiveCfg = Release|Any CPU
		{6B44A99B-0B09-4F85-B400-F7D21FB838FA}.Release|Any CPU.Build.0 = Release|Any CPU
	EndGlobalSection
	GlobalSection(SolutionProperties) = preSolution
		HideSolutionNode = FALSE
	EndGlobalSection
	GlobalSection(ExtensibilityGlobals) = postSolution
		SolutionGuid = {312AA943-53BA-4B48-9B48-C634D6CD7B8E}
	EndGlobalSection
EndGlobal
